
Microsoft Visual Studio Solution File, Format Version 12.00
# Visual Studio Version 16
VisualStudioVersion = 16.0.31213.239
MinimumVisualStudioVersion = 10.0.40219.1
Project("{FAE04EC0-301F-11D3-BF4B-00C04F79EFBC}") = "SecretSettings", "SecretSettings\SecretSettings.csproj", "{3929E913-B7EA-48FD-A7D0-E187F94CA034}"
EndProject
Project("{FAE04EC0-301F-11D3-BF4B-00C04F79EFBC}") = "SecretSettings.Tests", "SecretSettings.Tests\SecretSettings.Tests.csproj", "{70E8200A-D0C5-47DA-B91A-4B728638A905}"
EndProject
Global
	GlobalSection(SolutionConfigurationPlatforms) = preSolution
		Debug|Any CPU = Debug|Any CPU
		Release|Any CPU = Release|Any CPU
	EndGlobalSection
	GlobalSection(ProjectConfigurationPlatforms) = postSolution
		{3929E913-B7EA-48FD-A7D0-E187F94CA034}.Debug|Any CPU.ActiveCfg = Debug|Any CPU
		{3929E913-B7EA-48FD-A7D0-E187F94CA034}.Debug|Any CPU.Build.0 = Debug|Any CPU
		{3929E913-B7EA-48FD-A7D0-E187F94CA034}.Release|Any CPU.ActiveCfg = Release|Any CPU
		{3929E913-B7EA-48FD-A7D0-E187F94CA034}.Release|Any CPU.Build.0 = Release|Any CPU
		{70E8200A-D0C5-47DA-B91A-4B728638A905}.Debug|Any CPU.ActiveCfg = Debug|Any CPU
		{70E8200A-D0C5-47DA-B91A-4B728638A905}.Debug|Any CPU.Build.0 = Debug|Any CPU
		{70E8200A-D0C5-47DA-B91A-4B728638A905}.Release|Any CPU.ActiveCfg = Release|Any CPU
		{70E8200A-D0C5-47DA-B91A-4B728638A905}.Release|Any CPU.Build.0 = Release|Any CPU
	EndGlobalSection
	GlobalSection(SolutionProperties) = preSolution
		HideSolutionNode = FALSE
	EndGlobalSection
	GlobalSection(ExtensibilityGlobals) = postSolution
		SolutionGuid = {FC6CB0D7-557A-4DA5-BD33-44AA104393EA}
	EndGlobalSection
EndGlobal
