{
  "version": 1,
  "dependencies": {
    "net7.0": {
      "AWSSDK.SecretsManager": {
        "type": "Direct",
        "requested": "[3.7.201.48, )",
        "resolved": "3.7.201.48",
        "contentHash": "78rXjL011VO7eDWuACm2CNOFqkrpisOpsA5NKgbxGDbfOnncX0U2RYAAzBMevIQzvP2A7/OfXrl1zxL5f0M2fg==",
        "dependencies": {
          "AWSSDK.Core": "[3.7.204.10, 4.0.0)"
        }
      },
      "AWSSDK.Core": {
        "type": "Transitive",
        "resolved": "3.7.204.10",
        "contentHash": "wYTTmT2C8aik3AxQlOVTH2JpsEnprUCbmeImj04nv1bmfw/vhfh1egXX9/F4ptQF8RReMS4tWIS07csfFRG+Kg=="
      }
    }
  }
}