{
  "version": 1,
  "dependencies": {
    "net6.0": {
      "AWSSDK.SecretsManager": {
        "type": "Direct",
        "requested": "[3.7.100.21, )",
        "resolved": "3.7.100.21",
        "contentHash": "7WliBKLQUKNJphL9LBZGsQJE8dRlmCf876hWCIvg4r+Ln97N69Rt2VVJSVLHmkhcpK8FpFRNCM+/wSPZA0nYYw==",
        "dependencies": {
          "AWSSDK.Core": "[3.7.100.21, 4.0.0)"
        }
      },
      "AWSSDK.Core": {
        "type": "Transitive",
        "resolved": "3.7.100.21",
        "contentHash": "yU8kCoEHA39yqFrxqlkEKANHW5Bp3n4CaAwVmZNcq+pyl9o2lK33s3N+7gpns+jvn7BRF6C8EJ4c6sqlGg9h7Q=="
      }
    },
    "net7.0": {
      "AWSSDK.SecretsManager": {
        "type": "Direct",
        "requested": "[3.7.100.21, )",
        "resolved": "3.7.100.21",
        "contentHash": "7WliBKLQUKNJphL9LBZGsQJE8dRlmCf876hWCIvg4r+Ln97N69Rt2VVJSVLHmkhcpK8FpFRNCM+/wSPZA0nYYw==",
        "dependencies": {
          "AWSSDK.Core": "[3.7.100.21, 4.0.0)"
        }
      },
      "AWSSDK.Core": {
        "type": "Transitive",
        "resolved": "3.7.100.21",
        "contentHash": "yU8kCoEHA39yqFrxqlkEKANHW5Bp3n4CaAwVmZNcq+pyl9o2lK33s3N+7gpns+jvn7BRF6C8EJ4c6sqlGg9h7Q=="
      }
    }
  }
}